// !$*UTF8*$!
{
	archiveVersion = 1;
	classes = {
	};
	objectVersion = 46;
	objects = {

/* Begin PBXBuildFile section */
		576DC4161CC392FC009A0207 /* main.m in Sources */ = {isa = PBXBuildFile; fileRef = 576DC4151CC392FC009A0207 /* main.m */; };
		576DC4191CC392FC009A0207 /* AppDelegate.m in Sources */ = {isa = PBXBuildFile; fileRef = 576DC4181CC392FC009A0207 /* AppDelegate.m */; };
		576DC41C1CC392FC009A0207 /* ViewController.m in Sources */ = {isa = PBXBuildFile; fileRef = 576DC41B1CC392FC009A0207 /* ViewController.m */; };
		576DC41F1CC392FC009A0207 /* Main.storyboard in Resources */ = {isa = PBXBuildFile; fileRef = 576DC41D1CC392FC009A0207 /* Main.storyboard */; };
		576DC4211CC392FC009A0207 /* Assets.xcassets in Resources */ = {isa = PBXBuildFile; fileRef = 576DC4201CC392FC009A0207 /* Assets.xcassets */; };
		576DC4241CC392FC009A0207 /* LaunchScreen.storyboard in Resources */ = {isa = PBXBuildFile; fileRef = 576DC4221CC392FC009A0207 /* LaunchScreen.storyboard */; };
		576DC42F1CC392FD009A0207 /* ____________Tests.m in Sources */ = {isa = PBXBuildFile; fileRef = 576DC42E1CC392FD009A0207 /* ____________Tests.m */; };
		576DC43A1CC392FD009A0207 /* ____________UITests.m in Sources */ = {isa = PBXBuildFile; fileRef = 576DC4391CC392FD009A0207 /* ____________UITests.m */; };
/* End PBXBuildFile section */

/* Begin PBXContainerItemProxy section */
		576DC42B1CC392FD009A0207 /* PBXContainerItemProxy */ = {
			isa = PBXContainerItemProxy;
			containerPortal = 576DC4091CC392FC009A0207 /* Project object */;
			proxyType = 1;
			remoteGlobalIDString = 576DC4101CC392FC009A0207;
			remoteInfo = "父控件的高度随子控件决定";
		};
		576DC4361CC392FD009A0207 /* PBXContainerItemProxy */ = {
			isa = PBXContainerItemProxy;
			containerPortal = 576DC4091CC392FC009A0207 /* Project object */;
			proxyType = 1;
			remoteGlobalIDString = 576DC4101CC392FC009A0207;
			remoteInfo = "父控件的高度随子控件决定";
		};
/* End PBXContainerItemProxy section */

/* Begin PBXFileReference section */
		576DC4111CC392FC009A0207 /* 父控件的高度随子控件决定.app */ = {isa = PBXFileReference; explicitFileType = wrapper.application; includeInIndex = 0; path = "父控件的高度随子控件决定.app"; sourceTree = BUILT_PRODUCTS_DIR; };
		576DC4151CC392FC009A0207 /* main.m */ = {isa = PBXFileReference; lastKnownFileType = sourcecode.c.objc; path = main.m; sourceTree = "<group>"; };
		576DC4171CC392FC009A0207 /* AppDelegate.h */ = {isa = PBXFileReference; lastKnownFileType = sourcecode.c.h; path = AppDelegate.h; sourceTree = "<group>"; };
		576DC4181CC392FC009A0207 /* AppDelegate.m */ = {isa = PBXFileReference; lastKnownFileType = sourcecode.c.objc; path = AppDelegate.m; sourceTree = "<group>"; };
		576DC41A1CC392FC009A0207 /* ViewController.h */ = {isa = PBXFileReference; lastKnownFileType = sourcecode.c.h; path = ViewController.h; sourceTree = "<group>"; };
		576DC41B1CC392FC009A0207 /* ViewController.m */ = {isa = PBXFileReference; lastKnownFileType = sourcecode.c.objc; path = ViewController.m; sourceTree = "<group>"; };
		576DC41E1CC392FC009A0207 /* Base */ = {isa = PBXFileReference; lastKnownFileType = file.storyboard; name = Base; path = Base.lproj/Main.storyboard; sourceTree = "<group>"; };
		576DC4201CC392FC009A0207 /* Assets.xcassets */ = {isa = PBXFileReference; lastKnownFileType = folder.assetcatalog; path = Assets.xcassets; sourceTree = "<group>"; };
		576DC4231CC392FC009A0207 /* Base */ = {isa = PBXFileReference; lastKnownFileType = file.storyboard; name = Base; path = Base.lproj/LaunchScreen.storyboard; sourceTree = "<group>"; };
		576DC4251CC392FC009A0207 /* Info.plist */ = {isa = PBXFileReference; lastKnownFileType = text.plist.xml; path = Info.plist; sourceTree = "<group>"; };
		576DC42A1CC392FD009A0207 /* 父控件的高度随子控件决定Tests.xctest */ = {isa = PBXFileReference; explicitFileType = wrapper.cfbundle; includeInIndex = 0; path = "父控件的高度随子控件决定Tests.xctest"; sourceTree = BUILT_PRODUCTS_DIR; };
		576DC42E1CC392FD009A0207 /* ____________Tests.m */ = {isa = PBXFileReference; lastKnownFileType = sourcecode.c.objc; path = "____________Tests.m"; sourceTree = "<group>"; };
		576DC4301CC392FD009A0207 /* Info.plist */ = {isa = PBXFileReference; lastKnownFileType = text.plist.xml; path = Info.plist; sourceTree = "<group>"; };
		576DC4351CC392FD009A0207 /* 父控件的高度随子控件决定UITests.xctest */ = {isa = PBXFileReference; explicitFileType = wrapper.cfbundle; includeInIndex = 0; path = "父控件的高度随子控件决定UITests.xctest"; sourceTree = BUILT_PRODUCTS_DIR; };
		576DC4391CC392FD009A0207 /* ____________UITests.m */ = {isa = PBXFileReference; lastKnownFileType = sourcecode.c.objc; path = "____________UITests.m"; sourceTree = "<group>"; };
		576DC43B1CC392FD009A0207 /* Info.plist */ = {isa = PBXFileReference; lastKnownFileType = text.plist.xml; path = Info.plist; sourceTree = "<group>"; };
/* End PBXFileReference section */

/* Begin PBXFrameworksBuildPhase section */
		576DC40E1CC392FC009A0207 /* Frameworks */ = {
			isa = PBXFrameworksBuildPhase;
			buildActionMask = 2147483647;
			files = (
			);
			runOnlyForDeploymentPostprocessing = 0;
		};
		576DC4271CC392FD009A0207 /* Frameworks */ = {
			isa = PBXFrameworksBuildPhase;
			buildActionMask = 2147483647;
			files = (
			);
			runOnlyForDeploymentPostprocessing = 0;
		};
		576DC4321CC392FD009A0207 /* Frameworks */ = {
			isa = PBXFrameworksBuildPhase;
			buildActionMask = 2147483647;
			files = (
			);
			runOnlyForDeploymentPostprocessing = 0;
		};
/* End PBXFrameworksBuildPhase section */

/* Begin PBXGroup section */
		576DC4081CC392FC009A0207 = {
			isa = PBXGroup;
			children = (
				576DC4131CC392FC009A0207 /* 父控件的高度随子控件决定 */,
				576DC42D1CC392FD009A0207 /* 父控件的高度随子控件决定Tests */,
				576DC4381CC392FD009A0207 /* 父控件的高度随子控件决定UITests */,
				576DC4121CC392FC009A0207 /* Products */,
			);
			sourceTree = "<group>";
		};
		576DC4121CC392FC009A0207 /* Products */ = {
			isa = PBXGroup;
			children = (
				576DC4111CC392FC009A0207 /* 父控件的高度随子控件决定.app */,
				576DC42A1CC392FD009A0207 /* 父控件的高度随子控件决定Tests.xctest */,
				576DC4351CC392FD009A0207 /* 父控件的高度随子控件决定UITests.xctest */,
			);
			name = Products;
			sourceTree = "<group>";
		};
		576DC4131CC392FC009A0207 /* 父控件的高度随子控件决定 */ = {
			isa = PBXGroup;
			children = (
				576DC4171CC392FC009A0207 /* AppDelegate.h */,
				576DC4181CC392FC009A0207 /* AppDelegate.m */,
				576DC41A1CC392FC009A0207 /* ViewController.h */,
				576DC41B1CC392FC009A0207 /* ViewController.m */,
				576DC41D1CC392FC009A0207 /* Main.storyboard */,
				576DC4201CC392FC009A0207 /* Assets.xcassets */,
				576DC4221CC392FC009A0207 /* LaunchScreen.storyboard */,
				576DC4251CC392FC009A0207 /* Info.plist */,
				576DC4141CC392FC009A0207 /* Supporting Files */,
			);
			path = "父控件的高度随子控件决定";
			sourceTree = "<group>";
		};
		576DC4141CC392FC009A0207 /* Supporting Files */ = {
			isa = PBXGroup;
			children = (
				576DC4151CC392FC009A0207 /* main.m */,
			);
			name = "Supporting Files";
			sourceTree = "<group>";
		};
		576DC42D1CC392FD009A0207 /* 父控件的高度随子控件决定Tests */ = {
			isa = PBXGroup;
			children = (
				576DC42E1CC392FD009A0207 /* ____________Tests.m */,
				576DC4301CC392FD009A0207 /* Info.plist */,
			);
			path = "父控件的高度随子控件决定Tests";
			sourceTree = "<group>";
		};
		576DC4381CC392FD009A0207 /* 父控件的高度随子控件决定UITests */ = {
			isa = PBXGroup;
			children = (
				576DC4391CC392FD009A0207 /* ____________UITests.m */,
				576DC43B1CC392FD009A0207 /* Info.plist */,
			);
			path = "父控件的高度随子控件决定UITests";
			sourceTree = "<group>";
		};
/* End PBXGroup section */

/* Begin PBXNativeTarget section */
		576DC4101CC392FC009A0207 /* 父控件的高度随子控件决定 */ = {
			isa = PBXNativeTarget;
			buildConfigurationList = 576DC43E1CC392FD009A0207 /* Build configuration list for PBXNativeTarget "父控件的高度随子控件决定" */;
			buildPhases = (
				576DC40D1CC392FC009A0207 /* Sources */,
				576DC40E1CC392FC009A0207 /* Frameworks */,
				576DC40F1CC392FC009A0207 /* Resources */,
			);
			buildRules = (
			);
			dependencies = (
			);
			name = "父控件的高度随子控件决定";
			productName = "父控件的高度随子控件决定";
			productReference = 576DC4111CC392FC009A0207 /* 父控件的高度随子控件决定.app */;
			productType = "com.apple.product-type.application";
		};
		576DC4291CC392FD009A0207 /* 父控件的高度随子控件决定Tests */ = {
			isa = PBXNativeTarget;
			buildConfigurationList = 576DC4411CC392FD009A0207 /* Build configuration list for PBXNativeTarget "父控件的高度随子控件决定Tests" */;
			buildPhases = (
				576DC4261CC392FD009A0207 /* Sources */,
				576DC4271CC392FD009A0207 /* Frameworks */,
				576DC4281CC392FD009A0207 /* Resources */,
			);
			buildRules = (
			);
			dependencies = (
				576DC42C1CC392FD009A0207 /* PBXTargetDependency */,
			);
			name = "父控件的高度随子控件决定Tests";
			productName = "父控件的高度随子控件决定Tests";
			productReference = 576DC42A1CC392FD009A0207 /* 父控件的高度随子控件决定Tests.xctest */;
			productType = "com.apple.product-type.bundle.unit-test";
		};
		576DC4341CC392FD009A0207 /* 父控件的高度随子控件决定UITests */ = {
			isa = PBXNativeTarget;
			buildConfigurationList = 576DC4441CC392FD009A0207 /* Build configuration list for PBXNativeTarget "父控件的高度随子控件决定UITests" */;
			buildPhases = (
				576DC4311CC392FD009A0207 /* Sources */,
				576DC4321CC392FD009A0207 /* Frameworks */,
				576DC4331CC392FD009A0207 /* Resources */,
			);
			buildRules = (
			);
			dependencies = (
				576DC4371CC392FD009A0207 /* PBXTargetDependency */,
			);
			name = "父控件的高度随子控件决定UITests";
			productName = "父控件的高度随子控件决定UITests";
			productReference = 576DC4351CC392FD009A0207 /* 父控件的高度随子控件决定UITests.xctest */;
			productType = "com.apple.product-type.bundle.ui-testing";
		};
/* End PBXNativeTarget section */

/* Begin PBXProject section */
		576DC4091CC392FC009A0207 /* Project object */ = {
			isa = PBXProject;
			attributes = {
				LastUpgradeCheck = 0720;
				ORGANIZATIONNAME = tangbing;
				TargetAttributes = {
					576DC4101CC392FC009A0207 = {
						CreatedOnToolsVersion = 7.2;
					};
					576DC4291CC392FD009A0207 = {
						CreatedOnToolsVersion = 7.2;
						TestTargetID = 576DC4101CC392FC009A0207;
					};
					576DC4341CC392FD009A0207 = {
						CreatedOnToolsVersion = 7.2;
						TestTargetID = 576DC4101CC392FC009A0207;
					};
				};
			};
			buildConfigurationList = 576DC40C1CC392FC009A0207 /* Build configuration list for PBXProject "父控件的高度随子控件决定" */;
			compatibilityVersion = "Xcode 3.2";
			developmentRegion = English;
			hasScannedForEncodings = 0;
			knownRegions = (
				en,
				Base,
			);
			mainGroup = 576DC4081CC392FC009A0207;
			productRefGroup = 576DC4121CC392FC009A0207 /* Products */;
			projectDirPath = "";
			projectRoot = "";
			targets = (
				576DC4101CC392FC009A0207 /* 父控件的高度随子控件决定 */,
				576DC4291CC392FD009A0207 /* 父控件的高度随子控件决定Tests */,
				576DC4341CC392FD009A0207 /* 父控件的高度随子控件决定UITests */,
			);
		};
/* End PBXProject section */

/* Begin PBXResourcesBuildPhase section */
		576DC40F1CC392FC009A0207 /* Resources */ = {
			isa = PBXResourcesBuildPhase;
			buildActionMask = 2147483647;
			files = (
				576DC4241CC392FC009A0207 /* LaunchScreen.storyboard in Resources */,
				576DC4211CC392FC009A0207 /* Assets.xcassets in Resources */,
				576DC41F1CC392FC009A0207 /* Main.storyboard in Resources */,
			);
			runOnlyForDeploymentPostprocessing = 0;
		};
		576DC4281CC392FD009A0207 /* Resources */ = {
			isa = PBXResourcesBuildPhase;
			buildActionMask = 2147483647;
			files = (
			);
			runOnlyForDeploymentPostprocessing = 0;
		};
		576DC4331CC392FD009A0207 /* Resources */ = {
			isa = PBXResourcesBuildPhase;
			buildActionMask = 2147483647;
			files = (
			);
			runOnlyForDeploymentPostprocessing = 0;
		};
/* End PBXResourcesBuildPhase section */

/* Begin PBXSourcesBuildPhase section */
		576DC40D1CC392FC009A0207 /* Sources */ = {
			isa = PBXSourcesBuildPhase;
			buildActionMask = 2147483647;
			files = (
				576DC41C1CC392FC009A0207 /* ViewController.m in Sources */,
				576DC4191CC392FC009A0207 /* AppDelegate.m in Sources */,
				576DC4161CC392FC009A0207 /* main.m in Sources */,
			);
			runOnlyForDeploymentPostprocessing = 0;
		};
		576DC4261CC392FD009A0207 /* Sources */ = {
			isa = PBXSourcesBuildPhase;
			buildActionMask = 2147483647;
			files = (
				576DC42F1CC392FD009A0207 /* ____________Tests.m in Sources */,
			);
			runOnlyForDeploymentPostprocessing = 0;
		};
		576DC4311CC392FD009A0207 /* Sources */ = {
			isa = PBXSourcesBuildPhase;
			buildActionMask = 2147483647;
			files = (
				576DC43A1CC392FD009A0207 /* ____________UITests.m in Sources */,
			);
			runOnlyForDeploymentPostprocessing = 0;
		};
/* End PBXSourcesBuildPhase section */

/* Begin PBXTargetDependency section */
		576DC42C1CC392FD009A0207 /* PBXTargetDependency */ = {
			isa = PBXTargetDependency;
			target = 576DC4101CC392FC009A0207 /* 父控件的高度随子控件决定 */;
			targetProxy = 576DC42B1CC392FD009A0207 /* PBXContainerItemProxy */;
		};
		576DC4371CC392FD009A0207 /* PBXTargetDependency */ = {
			isa = PBXTargetDependency;
			target = 576DC4101CC392FC009A0207 /* 父控件的高度随子控件决定 */;
			targetProxy = 576DC4361CC392FD009A0207 /* PBXContainerItemProxy */;
		};
/* End PBXTargetDependency section */

/* Begin PBXVariantGroup section */
		576DC41D1CC392FC009A0207 /* Main.storyboard */ = {
			isa = PBXVariantGroup;
			children = (
				576DC41E1CC392FC009A0207 /* Base */,
			);
			name = Main.storyboard;
			sourceTree = "<group>";
		};
		576DC4221CC392FC009A0207 /* LaunchScreen.storyboard */ = {
			isa = PBXVariantGroup;
			children = (
				576DC4231CC392FC009A0207 /* Base */,
			);
			name = LaunchScreen.storyboard;
			sourceTree = "<group>";
		};
/* End PBXVariantGroup section */

/* Begin XCBuildConfiguration section */
		576DC43C1CC392FD009A0207 /* Debug */ = {
			isa = XCBuildConfiguration;
			buildSettings = {
				ALWAYS_SEARCH_USER_PATHS = NO;
				CLANG_CXX_LANGUAGE_STANDARD = "gnu++0x";
				CLANG_CXX_LIBRARY = "libc++";
				CLANG_ENABLE_MODULES = YES;
				CLANG_ENABLE_OBJC_ARC = YES;
				CLANG_WARN_BOOL_CONVERSION = YES;
				CLANG_WARN_CONSTANT_CONVERSION = YES;
				CLANG_WARN_DIRECT_OBJC_ISA_USAGE = YES_ERROR;
				CLANG_WARN_EMPTY_BODY = YES;
				CLANG_WARN_ENUM_CONVERSION = YES;
				CLANG_WARN_INT_CONVERSION = YES;
				CLANG_WARN_OBJC_ROOT_CLASS = YES_ERROR;
				CLANG_WARN_UNREACHABLE_CODE = YES;
				CLANG_WARN__DUPLICATE_METHOD_MATCH = YES;
				"CODE_SIGN_IDENTITY[sdk=iphoneos*]" = "iPhone Developer";
				COPY_PHASE_STRIP = NO;
				DEBUG_INFORMATION_FORMAT = dwarf;
				ENABLE_STRICT_OBJC_MSGSEND = YES;
				ENABLE_TESTABILITY = YES;
				GCC_C_LANGUAGE_STANDARD = gnu99;
				GCC_DYNAMIC_NO_PIC = NO;
				GCC_NO_COMMON_BLOCKS = YES;
				GCC_OPTIMIZATION_LEVEL = 0;
				GCC_PREPROCESSOR_DEFINITIONS = (
					"DEBUG=1",
					"$(inherited)",
				);
				GCC_WARN_64_TO_32_BIT_CONVERSION = YES;
				GCC_WARN_ABOUT_RETURN_TYPE = YES_ERROR;
				GCC_WARN_UNDECLARED_SELECTOR = YES;
				GCC_WARN_UNINITIALIZED_AUTOS = YES_AGGRESSIVE;
				GCC_WARN_UNUSED_FUNCTION = YES;
				GCC_WARN_UNUSED_VARIABLE = YES;
				IPHONEOS_DEPLOYMENT_TARGET = 9.2;
				MTL_ENABLE_DEBUG_INFO = YES;
				ONLY_ACTIVE_ARCH = YES;
				SDKROOT = iphoneos;
				TARGETED_DEVICE_FAMILY = "1,2";
			};
			name = Debug;
		};
		576DC43D1CC392FD009A0207 /* Release */ = {
			isa = XCBuildConfiguration;
			buildSettings = {
				ALWAYS_SEARCH_USER_PATHS = NO;
				CLANG_CXX_LANGUAGE_STANDARD = "gnu++0x";
				CLANG_CXX_LIBRARY = "libc++";
				CLANG_ENABLE_MODULES = YES;
				CLANG_ENABLE_OBJC_ARC = YES;
				CLANG_WARN_BOOL_CONVERSION = YES;
				CLANG_WARN_CONSTANT_CONVERSION = YES;
				CLANG_WARN_DIRECT_OBJC_ISA_USAGE = YES_ERROR;
				CLANG_WARN_EMPTY_BODY = YES;
				CLANG_WARN_ENUM_CONVERSION = YES;
				CLANG_WARN_INT_CONVERSION = YES;
				CLANG_WARN_OBJC_ROOT_CLASS = YES_ERROR;
				CLANG_WARN_UNREACHABLE_CODE = YES;
				CLANG_WARN__DUPLICATE_METHOD_MATCH = YES;
				"CODE_SIGN_IDENTITY[sdk=iphoneos*]" = "iPhone Developer";
				COPY_PHASE_STRIP = NO;
				DEBUG_INFORMATION_FORMAT = "dwarf-with-dsym";
				ENABLE_NS_ASSERTIONS = NO;
				ENABLE_STRICT_OBJC_MSGSEND = YES;
				GCC_C_LANGUAGE_STANDARD = gnu99;
				GCC_NO_COMMON_BLOCKS = YES;
				GCC_WARN_64_TO_32_BIT_CONVERSION = YES;
				GCC_WARN_ABOUT_RETURN_TYPE = YES_ERROR;
				GCC_WARN_UNDECLARED_SELECTOR = YES;
				GCC_WARN_UNINITIALIZED_AUTOS = YES_AGGRESSIVE;
				GCC_WARN_UNUSED_FUNCTION = YES;
				GCC_WARN_UNUSED_VARIABLE = YES;
				IPHONEOS_DEPLOYMENT_TARGET = 9.2;
				MTL_ENABLE_DEBUG_INFO = NO;
				SDKROOT = iphoneos;
				TARGETED_DEVICE_FAMILY = "1,2";
				VALIDATE_PRODUCT = YES;
			};
			name = Release;
		};
		576DC43F1CC392FD009A0207 /* Debug */ = {
			isa = XCBuildConfiguration;
			buildSettings = {
				ASSETCATALOG_COMPILER_APPICON_NAME = AppIcon;
				INFOPLIST_FILE = "父控件的高度随子控件决定/Info.plist";
				LD_RUNPATH_SEARCH_PATHS = "$(inherited) @executable_path/Frameworks";
				PRODUCT_BUNDLE_IDENTIFIER = "com.aetos.trade.------------";
				PRODUCT_NAME = "$(TARGET_NAME)";
			};
			name = Debug;
		};
		576DC4401CC392FD009A0207 /* Release */ = {
			isa = XCBuildConfiguration;
			buildSettings = {
				ASSETCATALOG_COMPILER_APPICON_NAME = AppIcon;
				INFOPLIST_FILE = "父控件的高度随子控件决定/Info.plist";
				LD_RUNPATH_SEARCH_PATHS = "$(inherited) @executable_path/Frameworks";
				PRODUCT_BUNDLE_IDENTIFIER = "com.aetos.trade.------------";
				PRODUCT_NAME = "$(TARGET_NAME)";
			};
			name = Release;
		};
		576DC4421CC392FD009A0207 /* Debug */ = {
			isa = XCBuildConfiguration;
			buildSettings = {
				BUNDLE_LOADER = "$(TEST_HOST)";
				INFOPLIST_FILE = "父控件的高度随子控件决定Tests/Info.plist";
				LD_RUNPATH_SEARCH_PATHS = "$(inherited) @executable_path/Frameworks @loader_path/Frameworks";
				PRODUCT_BUNDLE_IDENTIFIER = "com.aetos.trade.------------Tests";
				PRODUCT_NAME = "$(TARGET_NAME)";
				TEST_HOST = "$(BUILT_PRODUCTS_DIR)/父控件的高度随子控件决定.app/父控件的高度随子控件决定";
			};
			name = Debug;
		};
		576DC4431CC392FD009A0207 /* Release */ = {
			isa = XCBuildConfiguration;
			buildSettings = {
				BUNDLE_LOADER = "$(TEST_HOST)";
				INFOPLIST_FILE = "父控件的高度随子控件决定Tests/Info.plist";
				LD_RUNPATH_SEARCH_PATHS = "$(inherited) @executable_path/Frameworks @loader_path/Frameworks";
				PRODUCT_BUNDLE_IDENTIFIER = "com.aetos.trade.------------Tests";
				PRODUCT_NAME = "$(TARGET_NAME)";
				TEST_HOST = "$(BUILT_PRODUCTS_DIR)/父控件的高度随子控件决定.app/父控件的高度随子控件决定";
			};
			name = Release;
		};
		576DC4451CC392FD009A0207 /* Debug */ = {
			isa = XCBuildConfiguration;
			buildSettings = {
				INFOPLIST_FILE = "父控件的高度随子控件决定UITests/Info.plist";
				LD_RUNPATH_SEARCH_PATHS = "$(inherited) @executable_path/Frameworks @loader_path/Frameworks";
				PRODUCT_BUNDLE_IDENTIFIER = "com.aetos.trade.------------UITests";
				PRODUCT_NAME = "$(TARGET_NAME)";
				TEST_TARGET_NAME = "父控件的高度随子控件决定";
				USES_XCTRUNNER = YES;
			};
			name = Debug;
		};
		576DC4461CC392FD009A0207 /* Release */ = {
			isa = XCBuildConfiguration;
			buildSettings = {
				INFOPLIST_FILE = "父控件的高度随子控件决定UITests/Info.plist";
				LD_RUNPATH_SEARCH_PATHS = "$(inherited) @executable_path/Frameworks @loader_path/Frameworks";
				PRODUCT_BUNDLE_IDENTIFIER = "com.aetos.trade.------------UITests";
				PRODUCT_NAME = "$(TARGET_NAME)";
				TEST_TARGET_NAME = "父控件的高度随子控件决定";
				USES_XCTRUNNER = YES;
			};
			name = Release;
		};
/* End XCBuildConfiguration section */

/* Begin XCConfigurationList section */
		576DC40C1CC392FC009A0207 /* Build configuration list for PBXProject "父控件的高度随子控件决定" */ = {
			isa = XCConfigurationList;
			buildConfigurations = (
				576DC43C1CC392FD009A0207 /* Debug */,
				576DC43D1CC392FD009A0207 /* Release */,
			);
			defaultConfigurationIsVisible = 0;
			defaultConfigurationName = Release;
		};
		576DC43E1CC392FD009A0207 /* Build configuration list for PBXNativeTarget "父控件的高度随子控件决定" */ = {
			isa = XCConfigurationList;
			buildConfigurations = (
				576DC43F1CC392FD009A0207 /* Debug */,
				576DC4401CC392FD009A0207 /* Release */,
			);
			defaultConfigurationIsVisible = 0;
		};
		576DC4411CC392FD009A0207 /* Build configuration list for PBXNativeTarget "父控件的高度随子控件决定Tests" */ = {
			isa = XCConfigurationList;
			buildConfigurations = (
				576DC4421CC392FD009A0207 /* Debug */,
				576DC4431CC392FD009A0207 /* Release */,
			);
			defaultConfigurationIsVisible = 0;
		};
		576DC4441CC392FD009A0207 /* Build configuration list for PBXNativeTarget "父控件的高度随子控件决定UITests" */ = {
			isa = XCConfigurationList;
			buildConfigurations = (
				576DC4451CC392FD009A0207 /* Debug */,
				576DC4461CC392FD009A0207 /* Release */,
			);
			defaultConfigurationIsVisible = 0;
		};
/* End XCConfigurationList section */
	};
	rootObject = 576DC4091CC392FC009A0207 /* Project object */;
}
